
Microsoft Visual Studio Solution File, Format Version 12.00
# Visual Studio 15
VisualStudioVersion = 15.0.28307.136
MinimumVisualStudioVersion = 10.0.40219.1
Project("{FAE04EC0-301F-11D3-BF4B-00C04F79EFBC}") = "Projeto.Android", "Projeto\Projeto.Android\Projeto.Android.csproj", "{C18BFEEB-DE01-472D-833C-3621C5FACE86}"
EndProject
Project("{FAE04EC0-301F-11D3-BF4B-00C04F79EFBC}") = "Projeto.iOS", "Projeto\Projeto.iOS\Projeto.iOS.csproj", "{AF991BEE-312E-43EA-ADD3-A573F485D61D}"
EndProject
Project("{9A19103F-16F7-4668-BE54-9A1E7A4F7556}") = "Projeto", "Projeto\Projeto\Projeto.csproj", "{660B7328-2A4C-48E0-AFD5-BFAE55C54640}"
EndProject
Global
	GlobalSection(SolutionConfigurationPlatforms) = preSolution
		Ad-Hoc|Any CPU = Ad-Hoc|Any CPU
		Ad-Hoc|iPhone = Ad-Hoc|iPhone
		Ad-Hoc|iPhoneSimulator = Ad-Hoc|iPhoneSimulator
		AppStore|Any CPU = AppStore|Any CPU
		AppStore|iPhone = AppStore|iPhone
		AppStore|iPhoneSimulator = AppStore|iPhoneSimulator
		Debug|Any CPU = Debug|Any CPU
		Debug|iPhone = Debug|iPhone
		Debug|iPhoneSimulator = Debug|iPhoneSimulator
		Release|Any CPU = Release|Any CPU
		Release|iPhone = Release|iPhone
		Release|iPhoneSimulator = Release|iPhoneSimulator
	EndGlobalSection
	GlobalSection(ProjectConfigurationPlatforms) = postSolution
		{C18BFEEB-DE01-472D-833C-3621C5FACE86}.Ad-Hoc|Any CPU.ActiveCfg = Release|Any CPU
		{C18BFEEB-DE01-472D-833C-3621C5FACE86}.Ad-Hoc|Any CPU.Build.0 = Release|Any CPU
		{C18BFEEB-DE01-472D-833C-3621C5FACE86}.Ad-Hoc|Any CPU.Deploy.0 = Release|Any CPU
		{C18BFEEB-DE01-472D-833C-3621C5FACE86}.Ad-Hoc|iPhone.ActiveCfg = Release|Any CPU
		{C18BFEEB-DE01-472D-833C-3621C5FACE86}.Ad-Hoc|iPhone.Build.0 = Release|Any CPU
		{C18BFEEB-DE01-472D-833C-3621C5FACE86}.Ad-Hoc|iPhone.Deploy.0 = Release|Any CPU
		{C18BFEEB-DE01-472D-833C-3621C5FACE86}.Ad-Hoc|iPhoneSimulator.ActiveCfg = Release|Any CPU
		{C18BFEEB-DE01-472D-833C-3621C5FACE86}.Ad-Hoc|iPhoneSimulator.Build.0 = Release|Any CPU
		{C18BFEEB-DE01-472D-833C-3621C5FACE86}.Ad-Hoc|iPhoneSimulator.Deploy.0 = Release|Any CPU
		{C18BFEEB-DE01-472D-833C-3621C5FACE86}.AppStore|Any CPU.ActiveCfg = Release|Any CPU
		{C18BFEEB-DE01-472D-833C-3621C5FACE86}.AppStore|Any CPU.Build.0 = Release|Any CPU
		{C18BFEEB-DE01-472D-833C-3621C5FACE86}.AppStore|Any CPU.Deploy.0 = Release|Any CPU
		{C18BFEEB-DE01-472D-833C-3621C5FACE86}.AppStore|iPhone.ActiveCfg = Release|Any CPU
		{C18BFEEB-DE01-472D-833C-3621C5FACE86}.AppStore|iPhone.Build.0 = Release|Any CPU
		{C18BFEEB-DE01-472D-833C-3621C5FACE86}.AppStore|iPhone.Deploy.0 = Release|Any CPU
		{C18BFEEB-DE01-472D-833C-3621C5FACE86}.AppStore|iPhoneSimulator.ActiveCfg = Release|Any CPU
		{C18BFEEB-DE01-472D-833C-3621C5FACE86}.AppStore|iPhoneSimulator.Build.0 = Release|Any CPU
		{C18BFEEB-DE01-472D-833C-3621C5FACE86}.AppStore|iPhoneSimulator.Deploy.0 = Release|Any CPU
		{C18BFEEB-DE01-472D-833C-3621C5FACE86}.Debug|Any CPU.ActiveCfg = Release|Any CPU
		{C18BFEEB-DE01-472D-833C-3621C5FACE86}.Debug|Any CPU.Build.0 = Release|Any CPU
		{C18BFEEB-DE01-472D-833C-3621C5FACE86}.Debug|Any CPU.Deploy.0 = Release|Any CPU
		{C18BFEEB-DE01-472D-833C-3621C5FACE86}.Debug|iPhone.ActiveCfg = Debug|Any CPU
		{C18BFEEB-DE01-472D-833C-3621C5FACE86}.Debug|iPhone.Build.0 = Debug|Any CPU
		{C18BFEEB-DE01-472D-833C-3621C5FACE86}.Debug|iPhone.Deploy.0 = Debug|Any CPU
		{C18BFEEB-DE01-472D-833C-3621C5FACE86}.Debug|iPhoneSimulator.ActiveCfg = Debug|Any CPU
		{C18BFEEB-DE01-472D-833C-3621C5FACE86}.Debug|iPhoneSimulator.Build.0 = Debug|Any CPU
		{C18BFEEB-DE01-472D-833C-3621C5FACE86}.Debug|iPhoneSimulator.Deploy.0 = Debug|Any CPU
		{C18BFEEB-DE01-472D-833C-3621C5FACE86}.Release|Any CPU.ActiveCfg = Release|Any CPU
		{C18BFEEB-DE01-472D-833C-3621C5FACE86}.Release|Any CPU.Build.0 = Release|Any CPU
		{C18BFEEB-DE01-472D-833C-3621C5FACE86}.Release|Any CPU.Deploy.0 = Release|Any CPU
		{C18BFEEB-DE01-472D-833C-3621C5FACE86}.Release|iPhone.ActiveCfg = Release|Any CPU
		{C18BFEEB-DE01-472D-833C-3621C5FACE86}.Release|iPhone.Build.0 = Release|Any CPU
		{C18BFEEB-DE01-472D-833C-3621C5FACE86}.Release|iPhone.Deploy.0 = Release|Any CPU
		{C18BFEEB-DE01-472D-833C-3621C5FACE86}.Release|iPhoneSimulator.ActiveCfg = Release|Any CPU
		{C18BFEEB-DE01-472D-833C-3621C5FACE86}.Release|iPhoneSimulator.Build.0 = Release|Any CPU
		{C18BFEEB-DE01-472D-833C-3621C5FACE86}.Release|iPhoneSimulator.Deploy.0 = Release|Any CPU
		{AF991BEE-312E-43EA-ADD3-A573F485D61D}.Ad-Hoc|Any CPU.ActiveCfg = Ad-Hoc|iPhone
		{AF991BEE-312E-43EA-ADD3-A573F485D61D}.Ad-Hoc|Any CPU.Build.0 = Ad-Hoc|iPhone
		{AF991BEE-312E-43EA-ADD3-A573F485D61D}.Ad-Hoc|Any CPU.Deploy.0 = Ad-Hoc|iPhone
		{AF991BEE-312E-43EA-ADD3-A573F485D61D}.Ad-Hoc|iPhone.ActiveCfg = Ad-Hoc|iPhone
		{AF991BEE-312E-43EA-ADD3-A573F485D61D}.Ad-Hoc|iPhone.Build.0 = Ad-Hoc|iPhone
		{AF991BEE-312E-43EA-ADD3-A573F485D61D}.Ad-Hoc|iPhone.Deploy.0 = Ad-Hoc|iPhone
		{AF991BEE-312E-43EA-ADD3-A573F485D61D}.Ad-Hoc|iPhoneSimulator.ActiveCfg = Ad-Hoc|iPhoneSimulator
		{AF991BEE-312E-43EA-ADD3-A573F485D61D}.Ad-Hoc|iPhoneSimulator.Build.0 = Ad-Hoc|iPhoneSimulator
		{AF991BEE-312E-43EA-ADD3-A573F485D61D}.Ad-Hoc|iPhoneSimulator.Deploy.0 = Ad-Hoc|iPhoneSimulator
		{AF991BEE-312E-43EA-ADD3-A573F485D61D}.AppStore|Any CPU.ActiveCfg = AppStore|iPhone
		{AF991BEE-312E-43EA-ADD3-A573F485D61D}.AppStore|Any CPU.Build.0 = AppStore|iPhone
		{AF991BEE-312E-43EA-ADD3-A573F485D61D}.AppStore|Any CPU.Deploy.0 = AppStore|iPhone
		{AF991BEE-312E-43EA-ADD3-A573F485D61D}.AppStore|iPhone.ActiveCfg = AppStore|iPhone
		{AF991BEE-312E-43EA-ADD3-A573F485D61D}.AppStore|iPhone.Build.0 = AppStore|iPhone
		{AF991BEE-312E-43EA-ADD3-A573F485D61D}.AppStore|iPhone.Deploy.0 = AppStore|iPhone
		{AF991BEE-312E-43EA-ADD3-A573F485D61D}.AppStore|iPhoneSimulator.ActiveCfg = AppStore|iPhoneSimulator
		{AF991BEE-312E-43EA-ADD3-A573F485D61D}.AppStore|iPhoneSimulator.Build.0 = AppStore|iPhoneSimulator
		{AF991BEE-312E-43EA-ADD3-A573F485D61D}.AppStore|iPhoneSimulator.Deploy.0 = AppStore|iPhoneSimulator
		{AF991BEE-312E-43EA-ADD3-A573F485D61D}.Debug|Any CPU.ActiveCfg = Debug|iPhoneSimulator
		{AF991BEE-312E-43EA-ADD3-A573F485D61D}.Debug|Any CPU.Build.0 = Debug|iPhoneSimulator
		{AF991BEE-312E-43EA-ADD3-A573F485D61D}.Debug|Any CPU.Deploy.0 = Debug|iPhoneSimulator
		{AF991BEE-312E-43EA-ADD3-A573F485D61D}.Debug|iPhone.ActiveCfg = Debug|iPhone
		{AF991BEE-312E-43EA-ADD3-A573F485D61D}.Debug|iPhone.Build.0 = Debug|iPhone
		{AF991BEE-312E-43EA-ADD3-A573F485D61D}.Debug|iPhone.Deploy.0 = Debug|iPhone
		{AF991BEE-312E-43EA-ADD3-A573F485D61D}.Debug|iPhoneSimulator.ActiveCfg = Debug|iPhoneSimulator
		{AF991BEE-312E-43EA-ADD3-A573F485D61D}.Debug|iPhoneSimulator.Build.0 = Debug|iPhoneSimulator
		{AF991BEE-312E-43EA-ADD3-A573F485D61D}.Debug|iPhoneSimulator.Deploy.0 = Debug|iPhoneSimulator
		{AF991BEE-312E-43EA-ADD3-A573F485D61D}.Release|Any CPU.ActiveCfg = Release|iPhone
		{AF991BEE-312E-43EA-ADD3-A573F485D61D}.Release|Any CPU.Build.0 = Release|iPhone
		{AF991BEE-312E-43EA-ADD3-A573F485D61D}.Release|Any CPU.Deploy.0 = Release|iPhone
		{AF991BEE-312E-43EA-ADD3-A573F485D61D}.Release|iPhone.ActiveCfg = Release|iPhone
		{AF991BEE-312E-43EA-ADD3-A573F485D61D}.Release|iPhone.Build.0 = Release|iPhone
		{AF991BEE-312E-43EA-ADD3-A573F485D61D}.Release|iPhone.Deploy.0 = Release|iPhone
		{AF991BEE-312E-43EA-ADD3-A573F485D61D}.Release|iPhoneSimulator.ActiveCfg = Release|iPhoneSimulator
		{AF991BEE-312E-43EA-ADD3-A573F485D61D}.Release|iPhoneSimulator.Build.0 = Release|iPhoneSimulator
		{AF991BEE-312E-43EA-ADD3-A573F485D61D}.Release|iPhoneSimulator.Deploy.0 = Release|iPhoneSimulator
		{660B7328-2A4C-48E0-AFD5-BFAE55C54640}.Ad-Hoc|Any CPU.ActiveCfg = Debug|Any CPU
		{660B7328-2A4C-48E0-AFD5-BFAE55C54640}.Ad-Hoc|Any CPU.Build.0 = Debug|Any CPU
		{660B7328-2A4C-48E0-AFD5-BFAE55C54640}.Ad-Hoc|Any CPU.Deploy.0 = Debug|Any CPU
		{660B7328-2A4C-48E0-AFD5-BFAE55C54640}.Ad-Hoc|iPhone.ActiveCfg = Debug|Any CPU
		{660B7328-2A4C-48E0-AFD5-BFAE55C54640}.Ad-Hoc|iPhone.Build.0 = Debug|Any CPU
		{660B7328-2A4C-48E0-AFD5-BFAE55C54640}.Ad-Hoc|iPhone.Deploy.0 = Debug|Any CPU
		{660B7328-2A4C-48E0-AFD5-BFAE55C54640}.Ad-Hoc|iPhoneSimulator.ActiveCfg = Debug|Any CPU
		{660B7328-2A4C-48E0-AFD5-BFAE55C54640}.Ad-Hoc|iPhoneSimulator.Build.0 = Debug|Any CPU
		{660B7328-2A4C-48E0-AFD5-BFAE55C54640}.Ad-Hoc|iPhoneSimulator.Deploy.0 = Debug|Any CPU
		{660B7328-2A4C-48E0-AFD5-BFAE55C54640}.AppStore|Any CPU.ActiveCfg = Debug|Any CPU
		{660B7328-2A4C-48E0-AFD5-BFAE55C54640}.AppStore|Any CPU.Build.0 = Debug|Any CPU
		{660B7328-2A4C-48E0-AFD5-BFAE55C54640}.AppStore|Any CPU.Deploy.0 = Debug|Any CPU
		{660B7328-2A4C-48E0-AFD5-BFAE55C54640}.AppStore|iPhone.ActiveCfg = Debug|Any CPU
		{660B7328-2A4C-48E0-AFD5-BFAE55C54640}.AppStore|iPhone.Build.0 = Debug|Any CPU
		{660B7328-2A4C-48E0-AFD5-BFAE55C54640}.AppStore|iPhone.Deploy.0 = Debug|Any CPU
		{660B7328-2A4C-48E0-AFD5-BFAE55C54640}.AppStore|iPhoneSimulator.ActiveCfg = Debug|Any CPU
		{660B7328-2A4C-48E0-AFD5-BFAE55C54640}.AppStore|iPhoneSimulator.Build.0 = Debug|Any CPU
		{660B7328-2A4C-48E0-AFD5-BFAE55C54640}.AppStore|iPhoneSimulator.Deploy.0 = Debug|Any CPU
		{660B7328-2A4C-48E0-AFD5-BFAE55C54640}.Debug|Any CPU.ActiveCfg = Debug|Any CPU
		{660B7328-2A4C-48E0-AFD5-BFAE55C54640}.Debug|Any CPU.Build.0 = Debug|Any CPU
		{660B7328-2A4C-48E0-AFD5-BFAE55C54640}.Debug|Any CPU.Deploy.0 = Debug|Any CPU
		{660B7328-2A4C-48E0-AFD5-BFAE55C54640}.Debug|iPhone.ActiveCfg = Debug|Any CPU
		{660B7328-2A4C-48E0-AFD5-BFAE55C54640}.Debug|iPhone.Build.0 = Debug|Any CPU
		{660B7328-2A4C-48E0-AFD5-BFAE55C54640}.Debug|iPhone.Deploy.0 = Debug|Any CPU
		{660B7328-2A4C-48E0-AFD5-BFAE55C54640}.Debug|iPhoneSimulator.ActiveCfg = Debug|Any CPU
		{660B7328-2A4C-48E0-AFD5-BFAE55C54640}.Debug|iPhoneSimulator.Build.0 = Debug|Any CPU
		{660B7328-2A4C-48E0-AFD5-BFAE55C54640}.Debug|iPhoneSimulator.Deploy.0 = Debug|Any CPU
		{660B7328-2A4C-48E0-AFD5-BFAE55C54640}.Release|Any CPU.ActiveCfg = Release|Any CPU
		{660B7328-2A4C-48E0-AFD5-BFAE55C54640}.Release|Any CPU.Build.0 = Release|Any CPU
		{660B7328-2A4C-48E0-AFD5-BFAE55C54640}.Release|Any CPU.Deploy.0 = Release|Any CPU
		{660B7328-2A4C-48E0-AFD5-BFAE55C54640}.Release|iPhone.ActiveCfg = Release|Any CPU
		{660B7328-2A4C-48E0-AFD5-BFAE55C54640}.Release|iPhone.Build.0 = Release|Any CPU
		{660B7328-2A4C-48E0-AFD5-BFAE55C54640}.Release|iPhone.Deploy.0 = Release|Any CPU
		{660B7328-2A4C-48E0-AFD5-BFAE55C54640}.Release|iPhoneSimulator.ActiveCfg = Release|Any CPU
		{660B7328-2A4C-48E0-AFD5-BFAE55C54640}.Release|iPhoneSimulator.Build.0 = Release|Any CPU
		{660B7328-2A4C-48E0-AFD5-BFAE55C54640}.Release|iPhoneSimulator.Deploy.0 = Release|Any CPU
	EndGlobalSection
	GlobalSection(SolutionProperties) = preSolution
		HideSolutionNode = FALSE
	EndGlobalSection
	GlobalSection(ExtensibilityGlobals) = postSolution
		SolutionGuid = {BA64B4C2-C166-4F53-BCFC-84D7BD82A224}
	EndGlobalSection
EndGlobal
